
Microsoft Visual Studio Solution File, Format Version 12.00
# Visual Studio Version 17
VisualStudioVersion = 17.8.34525.116
MinimumVisualStudioVersion = 10.0.40219.1
Project("{FAE04EC0-301F-11D3-BF4B-00C04F79EFBC}") = "Aula 04032024", "Aula 04032024.csproj", "{D1306953-8EAD-42BE-88BF-4A753C5C628A}"
EndProject
Global
	GlobalSection(SolutionConfigurationPlatforms) = preSolution
		Debug|Any CPU = Debug|Any CPU
		Release|Any CPU = Release|Any CPU
	EndGlobalSection
	GlobalSection(ProjectConfigurationPlatforms) = postSolution
		{D1306953-8EAD-42BE-88BF-4A753C5C628A}.Debug|Any CPU.ActiveCfg = Debug|Any CPU
		{D1306953-8EAD-42BE-88BF-4A753C5C628A}.Debug|Any CPU.Build.0 = Debug|Any CPU
		{D1306953-8EAD-42BE-88BF-4A753C5C628A}.Release|Any CPU.ActiveCfg = Release|Any CPU
		{D1306953-8EAD-42BE-88BF-4A753C5C628A}.Release|Any CPU.Build.0 = Release|Any CPU
	EndGlobalSection
	GlobalSection(SolutionProperties) = preSolution
		HideSolutionNode = FALSE
	EndGlobalSection
	GlobalSection(ExtensibilityGlobals) = postSolution
		SolutionGuid = {9DC567A6-E911-4698-BF8B-3C81123B9594}
	EndGlobalSection
EndGlobal
